
Microsoft Visual Studio Solution File, Format Version 12.00
# Visual Studio Version 17
VisualStudioVersion = 17.13.35806.99 d17.13
MinimumVisualStudioVersion = 10.0.40219.1
Project("{FAE04EC0-301F-11D3-BF4B-00C04F79EFBC}") = "Datos.Aleatorios", "Datos.Aleatorios\Datos.Aleatorios.csproj", "{B0A304CB-8BB0-41E2-A587-CF48D83CCEDF}"
EndProject
Global
	GlobalSection(SolutionConfigurationPlatforms) = preSolution
		Debug|Any CPU = Debug|Any CPU
		Release|Any CPU = Release|Any CPU
	EndGlobalSection
	GlobalSection(ProjectConfigurationPlatforms) = postSolution
		{B0A304CB-8BB0-41E2-A587-CF48D83CCEDF}.Debug|Any CPU.ActiveCfg = Debug|Any CPU
		{B0A304CB-8BB0-41E2-A587-CF48D83CCEDF}.Debug|Any CPU.Build.0 = Debug|Any CPU
		{B0A304CB-8BB0-41E2-A587-CF48D83CCEDF}.Release|Any CPU.ActiveCfg = Release|Any CPU
		{B0A304CB-8BB0-41E2-A587-CF48D83CCEDF}.Release|Any CPU.Build.0 = Release|Any CPU
	EndGlobalSection
	GlobalSection(SolutionProperties) = preSolution
		HideSolutionNode = FALSE
	EndGlobalSection
	GlobalSection(ExtensibilityGlobals) = postSolution
		SolutionGuid = {CD686390-6C31-43DD-B321-ED75D43B429E}
	EndGlobalSection
EndGlobal
